
Microsoft Visual Studio Solution File, Format Version 12.00
# Visual Studio 15
VisualStudioVersion = 15.0.26730.15
MinimumVisualStudioVersion = 10.0.40219.1
Project("{FAE04EC0-301F-11D3-BF4B-00C04F79EFBC}") = "testing_program", "testing_program\testing_program.csproj", "{D0D54B5A-73D6-413E-9555-7B877EFA7C4F}"
EndProject
Global
	GlobalSection(SolutionConfigurationPlatforms) = preSolution
		Debug|Any CPU = Debug|Any CPU
		Release|Any CPU = Release|Any CPU
	EndGlobalSection
	GlobalSection(ProjectConfigurationPlatforms) = postSolution
		{D0D54B5A-73D6-413E-9555-7B877EFA7C4F}.Debug|Any CPU.ActiveCfg = Debug|Any CPU
		{D0D54B5A-73D6-413E-9555-7B877EFA7C4F}.Debug|Any CPU.Build.0 = Debug|Any CPU
		{D0D54B5A-73D6-413E-9555-7B877EFA7C4F}.Release|Any CPU.ActiveCfg = Release|Any CPU
		{D0D54B5A-73D6-413E-9555-7B877EFA7C4F}.Release|Any CPU.Build.0 = Release|Any CPU
	EndGlobalSection
	GlobalSection(SolutionProperties) = preSolution
		HideSolutionNode = FALSE
	EndGlobalSection
	GlobalSection(ExtensibilityGlobals) = postSolution
		SolutionGuid = {6788BF8E-C03B-4268-87D4-AC77B7C11756}
	EndGlobalSection
EndGlobal
